
Microsoft Visual Studio Solution File, Format Version 12.00
# Visual Studio Version 16
VisualStudioVersion = 16.0.30503.244
MinimumVisualStudioVersion = 10.0.40219.1
Project("{FAE04EC0-301F-11D3-BF4B-00C04F79EFBC}") = "ArtilleryCalculator", "ArtilleryCalculator\ArtilleryCalculator.csproj", "{3B33A017-B630-4CA1-AE59-102B0EF757CB}"
EndProject
Project("{54435603-DBB4-11D2-8724-00A0C9A8B90C}") = "Setup", "Setup\Setup.vdproj", "{E6EE2E01-D9B6-49B2-9728-8A51F87E9D3A}"
EndProject
Project("{FAE04EC0-301F-11D3-BF4B-00C04F79EFBC}") = "ArtilleryCalculator.Test", "ArtilleryCalculator.Test\ArtilleryCalculator.Test.csproj", "{D3540974-6698-4FA2-9BFD-CE3C212E62D8}"
EndProject
Global
	GlobalSection(SolutionConfigurationPlatforms) = preSolution
		Debug|Any CPU = Debug|Any CPU
		Debug|x86 = Debug|x86
		Release|Any CPU = Release|Any CPU
		Release|x86 = Release|x86
	EndGlobalSection
	GlobalSection(ProjectConfigurationPlatforms) = postSolution
		{3B33A017-B630-4CA1-AE59-102B0EF757CB}.Debug|Any CPU.ActiveCfg = Debug|Any CPU
		{3B33A017-B630-4CA1-AE59-102B0EF757CB}.Debug|Any CPU.Build.0 = Debug|Any CPU
		{3B33A017-B630-4CA1-AE59-102B0EF757CB}.Debug|x86.ActiveCfg = Debug|Any CPU
		{3B33A017-B630-4CA1-AE59-102B0EF757CB}.Debug|x86.Build.0 = Debug|Any CPU
		{3B33A017-B630-4CA1-AE59-102B0EF757CB}.Release|Any CPU.ActiveCfg = Release|Any CPU
		{3B33A017-B630-4CA1-AE59-102B0EF757CB}.Release|Any CPU.Build.0 = Release|Any CPU
		{3B33A017-B630-4CA1-AE59-102B0EF757CB}.Release|x86.ActiveCfg = Release|Any CPU
		{3B33A017-B630-4CA1-AE59-102B0EF757CB}.Release|x86.Build.0 = Release|Any CPU
		{E6EE2E01-D9B6-49B2-9728-8A51F87E9D3A}.Debug|Any CPU.ActiveCfg = Debug
		{E6EE2E01-D9B6-49B2-9728-8A51F87E9D3A}.Debug|x86.ActiveCfg = Debug
		{E6EE2E01-D9B6-49B2-9728-8A51F87E9D3A}.Release|Any CPU.ActiveCfg = Release
		{E6EE2E01-D9B6-49B2-9728-8A51F87E9D3A}.Release|Any CPU.Build.0 = Release
		{E6EE2E01-D9B6-49B2-9728-8A51F87E9D3A}.Release|x86.ActiveCfg = Release
		{D3540974-6698-4FA2-9BFD-CE3C212E62D8}.Debug|Any CPU.ActiveCfg = Debug|Any CPU
		{D3540974-6698-4FA2-9BFD-CE3C212E62D8}.Debug|Any CPU.Build.0 = Debug|Any CPU
		{D3540974-6698-4FA2-9BFD-CE3C212E62D8}.Debug|x86.ActiveCfg = Debug|Any CPU
		{D3540974-6698-4FA2-9BFD-CE3C212E62D8}.Debug|x86.Build.0 = Debug|Any CPU
		{D3540974-6698-4FA2-9BFD-CE3C212E62D8}.Release|Any CPU.ActiveCfg = Release|Any CPU
		{D3540974-6698-4FA2-9BFD-CE3C212E62D8}.Release|Any CPU.Build.0 = Release|Any CPU
		{D3540974-6698-4FA2-9BFD-CE3C212E62D8}.Release|x86.ActiveCfg = Release|Any CPU
		{D3540974-6698-4FA2-9BFD-CE3C212E62D8}.Release|x86.Build.0 = Release|Any CPU
	EndGlobalSection
	GlobalSection(SolutionProperties) = preSolution
		HideSolutionNode = FALSE
	EndGlobalSection
	GlobalSection(ExtensibilityGlobals) = postSolution
		SolutionGuid = {4A1C2ACB-CA89-4B53-B9F9-77A9070302E7}
	EndGlobalSection
EndGlobal
